
Microsoft Visual Studio Solution File, Format Version 12.00
# Visual Studio Version 16
VisualStudioVersion = 16.0.33130.400
MinimumVisualStudioVersion = 10.0.40219.1
Project("{FAE04EC0-301F-11D3-BF4B-00C04F79EFBC}") = "BillPlex", "BillPlex\BillPlex.csproj", "{E7E5BECE-74FC-40DB-B6AE-0216CDC1B09E}"
EndProject
Project("{FAE04EC0-301F-11D3-BF4B-00C04F79EFBC}") = "DataLayer", "DataLayer\DataLayer.csproj", "{3E0A50BD-920E-4C49-A2FD-506BDBA90A12}"
EndProject
Project("{FAE04EC0-301F-11D3-BF4B-00C04F79EFBC}") = "BusinessLayer", "BusinessLayer\BusinessLayer.csproj", "{D996CE2A-9CF9-443B-AB9A-0BDA64807152}"
EndProject
Project("{54435603-DBB4-11D2-8724-00A0C9A8B90C}") = "Billplex Setup", "Billplex Setup\Billplex Setup.vdproj", "{8E059C72-DF62-44C4-B365-51ACCDCB8BF1}"
EndProject
Global
	GlobalSection(SolutionConfigurationPlatforms) = preSolution
		Debug|Any CPU = Debug|Any CPU
		Release|Any CPU = Release|Any CPU
	EndGlobalSection
	GlobalSection(ProjectConfigurationPlatforms) = postSolution
		{E7E5BECE-74FC-40DB-B6AE-0216CDC1B09E}.Debug|Any CPU.ActiveCfg = Release|Any CPU
		{E7E5BECE-74FC-40DB-B6AE-0216CDC1B09E}.Debug|Any CPU.Build.0 = Release|Any CPU
		{E7E5BECE-74FC-40DB-B6AE-0216CDC1B09E}.Release|Any CPU.ActiveCfg = Release|Any CPU
		{E7E5BECE-74FC-40DB-B6AE-0216CDC1B09E}.Release|Any CPU.Build.0 = Release|Any CPU
		{3E0A50BD-920E-4C49-A2FD-506BDBA90A12}.Debug|Any CPU.ActiveCfg = Release|Any CPU
		{3E0A50BD-920E-4C49-A2FD-506BDBA90A12}.Debug|Any CPU.Build.0 = Release|Any CPU
		{3E0A50BD-920E-4C49-A2FD-506BDBA90A12}.Release|Any CPU.ActiveCfg = Release|Any CPU
		{3E0A50BD-920E-4C49-A2FD-506BDBA90A12}.Release|Any CPU.Build.0 = Release|Any CPU
		{D996CE2A-9CF9-443B-AB9A-0BDA64807152}.Debug|Any CPU.ActiveCfg = Release|Any CPU
		{D996CE2A-9CF9-443B-AB9A-0BDA64807152}.Debug|Any CPU.Build.0 = Release|Any CPU
		{D996CE2A-9CF9-443B-AB9A-0BDA64807152}.Release|Any CPU.ActiveCfg = Release|Any CPU
		{D996CE2A-9CF9-443B-AB9A-0BDA64807152}.Release|Any CPU.Build.0 = Release|Any CPU
		{8E059C72-DF62-44C4-B365-51ACCDCB8BF1}.Debug|Any CPU.ActiveCfg = Debug
		{8E059C72-DF62-44C4-B365-51ACCDCB8BF1}.Release|Any CPU.ActiveCfg = Release
	EndGlobalSection
	GlobalSection(SolutionProperties) = preSolution
		HideSolutionNode = FALSE
	EndGlobalSection
	GlobalSection(ExtensibilityGlobals) = postSolution
		SolutionGuid = {D24EA8FF-3F05-4A81-982F-D1DD76DA30D1}
	EndGlobalSection
EndGlobal
